// !$*UTF8*$!
{
	archiveVersion = 1;
	classes = {
	};
	objectVersion = 46;
	objects = {

/* Begin PBXBuildFile section */
		D8CD9A421A92862000865608 /* AppDelegate.swift in Sources */ = {isa = PBXBuildFile; fileRef = D8CD9A411A92862000865608 /* AppDelegate.swift */; };
		D8CD9A441A92862000865608 /* ViewController.swift in Sources */ = {isa = PBXBuildFile; fileRef = D8CD9A431A92862000865608 /* ViewController.swift */; };
		D8CD9A471A92862000865608 /* Main.storyboard in Resources */ = {isa = PBXBuildFile; fileRef = D8CD9A451A92862000865608 /* Main.storyboard */; };
		D8CD9A491A92862000865608 /* Images.xcassets in Resources */ = {isa = PBXBuildFile; fileRef = D8CD9A481A92862000865608 /* Images.xcassets */; };
		D8CD9A4C1A92862000865608 /* LaunchScreen.xib in Resources */ = {isa = PBXBuildFile; fileRef = D8CD9A4A1A92862000865608 /* LaunchScreen.xib */; };
		D8CD9A581A92862000865608 /* TryCheckersTests.swift in Sources */ = {isa = PBXBuildFile; fileRef = D8CD9A571A92862000865608 /* TryCheckersTests.swift */; };
		D8CD9A651A9289F400865608 /* BoardView.swift in Sources */ = {isa = PBXBuildFile; fileRef = D8CD9A641A9289F400865608 /* BoardView.swift */; };
		D8CD9A671A928A2000865608 /* Constants.swift in Sources */ = {isa = PBXBuildFile; fileRef = D8CD9A661A928A2000865608 /* Constants.swift */; };
/* End PBXBuildFile section */

/* Begin PBXContainerItemProxy section */
		D8CD9A521A92862000865608 /* PBXContainerItemProxy */ = {
			isa = PBXContainerItemProxy;
			containerPortal = D8CD9A341A92862000865608 /* Project object */;
			proxyType = 1;
			remoteGlobalIDString = D8CD9A3B1A92862000865608;
			remoteInfo = TryCheckers;
		};
/* End PBXContainerItemProxy section */

/* Begin PBXFileReference section */
		D8CD9A3C1A92862000865608 /* TryCheckers.app */ = {isa = PBXFileReference; explicitFileType = wrapper.application; includeInIndex = 0; path = TryCheckers.app; sourceTree = BUILT_PRODUCTS_DIR; };
		D8CD9A401A92862000865608 /* Info.plist */ = {isa = PBXFileReference; lastKnownFileType = text.plist.xml; path = Info.plist; sourceTree = "<group>"; };
		D8CD9A411A92862000865608 /* AppDelegate.swift */ = {isa = PBXFileReference; lastKnownFileType = sourcecode.swift; path = AppDelegate.swift; sourceTree = "<group>"; };
		D8CD9A431A92862000865608 /* ViewController.swift */ = {isa = PBXFileReference; lastKnownFileType = sourcecode.swift; path = ViewController.swift; sourceTree = "<group>"; };
		D8CD9A461A92862000865608 /* Base */ = {isa = PBXFileReference; lastKnownFileType = file.storyboard; name = Base; path = Base.lproj/Main.storyboard; sourceTree = "<group>"; };
		D8CD9A481A92862000865608 /* Images.xcassets */ = {isa = PBXFileReference; lastKnownFileType = folder.assetcatalog; path = Images.xcassets; sourceTree = "<group>"; };
		D8CD9A4B1A92862000865608 /* Base */ = {isa = PBXFileReference; lastKnownFileType = file.xib; name = Base; path = Base.lproj/LaunchScreen.xib; sourceTree = "<group>"; };
		D8CD9A511A92862000865608 /* TryCheckersTests.xctest */ = {isa = PBXFileReference; explicitFileType = wrapper.cfbundle; includeInIndex = 0; path = TryCheckersTests.xctest; sourceTree = BUILT_PRODUCTS_DIR; };
		D8CD9A561A92862000865608 /* Info.plist */ = {isa = PBXFileReference; lastKnownFileType = text.plist.xml; path = Info.plist; sourceTree = "<group>"; };
		D8CD9A571A92862000865608 /* TryCheckersTests.swift */ = {isa = PBXFileReference; lastKnownFileType = sourcecode.swift; path = TryCheckersTests.swift; sourceTree = "<group>"; };
		D8CD9A641A9289F400865608 /* BoardView.swift */ = {isa = PBXFileReference; fileEncoding = 4; lastKnownFileType = sourcecode.swift; path = BoardView.swift; sourceTree = "<group>"; };
		D8CD9A661A928A2000865608 /* Constants.swift */ = {isa = PBXFileReference; fileEncoding = 4; lastKnownFileType = sourcecode.swift; path = Constants.swift; sourceTree = "<group>"; };
/* End PBXFileReference section */

/* Begin PBXFrameworksBuildPhase section */
		D8CD9A391A92862000865608 /* Frameworks */ = {
			isa = PBXFrameworksBuildPhase;
			buildActionMask = 2147483647;
			files = (
			);
			runOnlyForDeploymentPostprocessing = 0;
		};
		D8CD9A4E1A92862000865608 /* Frameworks */ = {
			isa = PBXFrameworksBuildPhase;
			buildActionMask = 2147483647;
			files = (
			);
			runOnlyForDeploymentPostprocessing = 0;
		};
/* End PBXFrameworksBuildPhase section */

/* Begin PBXGroup section */
		D8CD9A331A92862000865608 = {
			isa = PBXGroup;
			children = (
				D8CD9A3E1A92862000865608 /* TryCheckers */,
				D8CD9A541A92862000865608 /* TryCheckersTests */,
				D8CD9A3D1A92862000865608 /* Products */,
			);
			sourceTree = "<group>";
		};
		D8CD9A3D1A92862000865608 /* Products */ = {
			isa = PBXGroup;
			children = (
				D8CD9A3C1A92862000865608 /* TryCheckers.app */,
				D8CD9A511A92862000865608 /* TryCheckersTests.xctest */,
			);
			name = Products;
			sourceTree = "<group>";
		};
		D8CD9A3E1A92862000865608 /* TryCheckers */ = {
			isa = PBXGroup;
			children = (
				D8CD9A631A9289D500865608 /* Controllers */,
				D8CD9A621A9289CE00865608 /* Views */,
				D8CD9A611A9289C800865608 /* Models */,
				D8CD9A451A92862000865608 /* Main.storyboard */,
				D8CD9A661A928A2000865608 /* Constants.swift */,
				D8CD9A3F1A92862000865608 /* Supporting Files */,
			);
			path = TryCheckers;
			sourceTree = "<group>";
		};
		D8CD9A3F1A92862000865608 /* Supporting Files */ = {
			isa = PBXGroup;
			children = (
				D8CD9A411A92862000865608 /* AppDelegate.swift */,
				D8CD9A481A92862000865608 /* Images.xcassets */,
				D8CD9A4A1A92862000865608 /* LaunchScreen.xib */,
				D8CD9A401A92862000865608 /* Info.plist */,
			);
			name = "Supporting Files";
			sourceTree = "<group>";
		};
		D8CD9A541A92862000865608 /* TryCheckersTests */ = {
			isa = PBXGroup;
			children = (
				D8CD9A571A92862000865608 /* TryCheckersTests.swift */,
				D8CD9A551A92862000865608 /* Supporting Files */,
			);
			path = TryCheckersTests;
			sourceTree = "<group>";
		};
		D8CD9A551A92862000865608 /* Supporting Files */ = {
			isa = PBXGroup;
			children = (
				D8CD9A561A92862000865608 /* Info.plist */,
			);
			name = "Supporting Files";
			sourceTree = "<group>";
		};
		D8CD9A611A9289C800865608 /* Models */ = {
			isa = PBXGroup;
			children = (
			);
			name = Models;
			sourceTree = "<group>";
		};
		D8CD9A621A9289CE00865608 /* Views */ = {
			isa = PBXGroup;
			children = (
				D8CD9A641A9289F400865608 /* BoardView.swift */,
			);
			name = Views;
			sourceTree = "<group>";
		};
		D8CD9A631A9289D500865608 /* Controllers */ = {
			isa = PBXGroup;
			children = (
				D8CD9A431A92862000865608 /* ViewController.swift */,
			);
			name = Controllers;
			sourceTree = "<group>";
		};
/* End PBXGroup section */

/* Begin PBXNativeTarget section */
		D8CD9A3B1A92862000865608 /* TryCheckers */ = {
			isa = PBXNativeTarget;
			buildConfigurationList = D8CD9A5B1A92862000865608 /* Build configuration list for PBXNativeTarget "TryCheckers" */;
			buildPhases = (
				D8CD9A381A92862000865608 /* Sources */,
				D8CD9A391A92862000865608 /* Frameworks */,
				D8CD9A3A1A92862000865608 /* Resources */,
			);
			buildRules = (
			);
			dependencies = (
			);
			name = TryCheckers;
			productName = TryCheckers;
			productReference = D8CD9A3C1A92862000865608 /* TryCheckers.app */;
			productType = "com.apple.product-type.application";
		};
		D8CD9A501A92862000865608 /* TryCheckersTests */ = {
			isa = PBXNativeTarget;
			buildConfigurationList = D8CD9A5E1A92862000865608 /* Build configuration list for PBXNativeTarget "TryCheckersTests" */;
			buildPhases = (
				D8CD9A4D1A92862000865608 /* Sources */,
				D8CD9A4E1A92862000865608 /* Frameworks */,
				D8CD9A4F1A92862000865608 /* Resources */,
			);
			buildRules = (
			);
			dependencies = (
				D8CD9A531A92862000865608 /* PBXTargetDependency */,
			);
			name = TryCheckersTests;
			productName = TryCheckersTests;
			productReference = D8CD9A511A92862000865608 /* TryCheckersTests.xctest */;
			productType = "com.apple.product-type.bundle.unit-test";
		};
/* End PBXNativeTarget section */

/* Begin PBXProject section */
		D8CD9A341A92862000865608 /* Project object */ = {
			isa = PBXProject;
			attributes = {
				LastUpgradeCheck = 0610;
				ORGANIZATIONNAME = "Max McChesney";
				TargetAttributes = {
					D8CD9A3B1A92862000865608 = {
						CreatedOnToolsVersion = 6.1.1;
					};
					D8CD9A501A92862000865608 = {
						CreatedOnToolsVersion = 6.1.1;
						TestTargetID = D8CD9A3B1A92862000865608;
					};
				};
			};
			buildConfigurationList = D8CD9A371A92862000865608 /* Build configuration list for PBXProject "TryCheckers" */;
			compatibilityVersion = "Xcode 3.2";
			developmentRegion = English;
			hasScannedForEncodings = 0;
			knownRegions = (
				en,
				Base,
			);
			mainGroup = D8CD9A331A92862000865608;
			productRefGroup = D8CD9A3D1A92862000865608 /* Products */;
			projectDirPath = "";
			projectRoot = "";
			targets = (
				D8CD9A3B1A92862000865608 /* TryCheckers */,
				D8CD9A501A92862000865608 /* TryCheckersTests */,
			);
		};
/* End PBXProject section */

/* Begin PBXResourcesBuildPhase section */
		D8CD9A3A1A92862000865608 /* Resources */ = {
			isa = PBXResourcesBuildPhase;
			buildActionMask = 2147483647;
			files = (
				D8CD9A471A92862000865608 /* Main.storyboard in Resources */,
				D8CD9A4C1A92862000865608 /* LaunchScreen.xib in Resources */,
				D8CD9A491A92862000865608 /* Images.xcassets in Resources */,
			);
			runOnlyForDeploymentPostprocessing = 0;
		};
		D8CD9A4F1A92862000865608 /* Resources */ = {
			isa = PBXResourcesBuildPhase;
			buildActionMask = 2147483647;
			files = (
			);
			runOnlyForDeploymentPostprocessing = 0;
		};
/* End PBXResourcesBuildPhase section */

/* Begin PBXSourcesBuildPhase section */
		D8CD9A381A92862000865608 /* Sources */ = {
			isa = PBXSourcesBuildPhase;
			buildActionMask = 2147483647;
			files = (
				D8CD9A441A92862000865608 /* ViewController.swift in Sources */,
				D8CD9A651A9289F400865608 /* BoardView.swift in Sources */,
				D8CD9A421A92862000865608 /* AppDelegate.swift in Sources */,
				D8CD9A671A928A2000865608 /* Constants.swift in Sources */,
			);
			runOnlyForDeploymentPostprocessing = 0;
		};
		D8CD9A4D1A92862000865608 /* Sources */ = {
			isa = PBXSourcesBuildPhase;
			buildActionMask = 2147483647;
			files = (
				D8CD9A581A92862000865608 /* TryCheckersTests.swift in Sources */,
			);
			runOnlyForDeploymentPostprocessing = 0;
		};
/* End PBXSourcesBuildPhase section */

/* Begin PBXTargetDependency section */
		D8CD9A531A92862000865608 /* PBXTargetDependency */ = {
			isa = PBXTargetDependency;
			target = D8CD9A3B1A92862000865608 /* TryCheckers */;
			targetProxy = D8CD9A521A92862000865608 /* PBXContainerItemProxy */;
		};
/* End PBXTargetDependency section */

/* Begin PBXVariantGroup section */
		D8CD9A451A92862000865608 /* Main.storyboard */ = {
			isa = PBXVariantGroup;
			children = (
				D8CD9A461A92862000865608 /* Base */,
			);
			name = Main.storyboard;
			sourceTree = "<group>";
		};
		D8CD9A4A1A92862000865608 /* LaunchScreen.xib */ = {
			isa = PBXVariantGroup;
			children = (
				D8CD9A4B1A92862000865608 /* Base */,
			);
			name = LaunchScreen.xib;
			sourceTree = "<group>";
		};
/* End PBXVariantGroup section */

/* Begin XCBuildConfiguration section */
		D8CD9A591A92862000865608 /* Debug */ = {
			isa = XCBuildConfiguration;
			buildSettings = {
				ALWAYS_SEARCH_USER_PATHS = NO;
				CLANG_CXX_LANGUAGE_STANDARD = "gnu++0x";
				CLANG_CXX_LIBRARY = "libc++";
				CLANG_ENABLE_MODULES = YES;
				CLANG_ENABLE_OBJC_ARC = YES;
				CLANG_WARN_BOOL_CONVERSION = YES;
				CLANG_WARN_CONSTANT_CONVERSION = YES;
				CLANG_WARN_DIRECT_OBJC_ISA_USAGE = YES_ERROR;
				CLANG_WARN_EMPTY_BODY = YES;
				CLANG_WARN_ENUM_CONVERSION = YES;
				CLANG_WARN_INT_CONVERSION = YES;
				CLANG_WARN_OBJC_ROOT_CLASS = YES_ERROR;
				CLANG_WARN_UNREACHABLE_CODE = YES;
				CLANG_WARN__DUPLICATE_METHOD_MATCH = YES;
				"CODE_SIGN_IDENTITY[sdk=iphoneos*]" = "iPhone Developer";
				COPY_PHASE_STRIP = NO;
				ENABLE_STRICT_OBJC_MSGSEND = YES;
				GCC_C_LANGUAGE_STANDARD = gnu99;
				GCC_DYNAMIC_NO_PIC = NO;
				GCC_OPTIMIZATION_LEVEL = 0;
				GCC_PREPROCESSOR_DEFINITIONS = (
					"DEBUG=1",
					"$(inherited)",
				);
				GCC_SYMBOLS_PRIVATE_EXTERN = NO;
				GCC_WARN_64_TO_32_BIT_CONVERSION = YES;
				GCC_WARN_ABOUT_RETURN_TYPE = YES_ERROR;
				GCC_WARN_UNDECLARED_SELECTOR = YES;
				GCC_WARN_UNINITIALIZED_AUTOS = YES_AGGRESSIVE;
				GCC_WARN_UNUSED_FUNCTION = YES;
				GCC_WARN_UNUSED_VARIABLE = YES;
				IPHONEOS_DEPLOYMENT_TARGET = 8.1;
				MTL_ENABLE_DEBUG_INFO = YES;
				ONLY_ACTIVE_ARCH = YES;
				SDKROOT = iphoneos;
				SWIFT_OPTIMIZATION_LEVEL = "-Onone";
			};
			name = Debug;
		};
		D8CD9A5A1A92862000865608 /* Release */ = {
			isa = XCBuildConfiguration;
			buildSettings = {
				ALWAYS_SEARCH_USER_PATHS = NO;
				CLANG_CXX_LANGUAGE_STANDARD = "gnu++0x";
				CLANG_CXX_LIBRARY = "libc++";
				CLANG_ENABLE_MODULES = YES;
				CLANG_ENABLE_OBJC_ARC = YES;
				CLANG_WARN_BOOL_CONVERSION = YES;
				CLANG_WARN_CONSTANT_CONVERSION = YES;
				CLANG_WARN_DIRECT_OBJC_ISA_USAGE = YES_ERROR;
				CLANG_WARN_EMPTY_BODY = YES;
				CLANG_WARN_ENUM_CONVERSION = YES;
				CLANG_WARN_INT_CONVERSION = YES;
				CLANG_WARN_OBJC_ROOT_CLASS = YES_ERROR;
				CLANG_WARN_UNREACHABLE_CODE = YES;
				CLANG_WARN__DUPLICATE_METHOD_MATCH = YES;
				"CODE_SIGN_IDENTITY[sdk=iphoneos*]" = "iPhone Developer";
				COPY_PHASE_STRIP = YES;
				ENABLE_NS_ASSERTIONS = NO;
				ENABLE_STRICT_OBJC_MSGSEND = YES;
				GCC_C_LANGUAGE_STANDARD = gnu99;
				GCC_WARN_64_TO_32_BIT_CONVERSION = YES;
				GCC_WARN_ABOUT_RETURN_TYPE = YES_ERROR;
				GCC_WARN_UNDECLARED_SELECTOR = YES;
				GCC_WARN_UNINITIALIZED_AUTOS = YES_AGGRESSIVE;
				GCC_WARN_UNUSED_FUNCTION = YES;
				GCC_WARN_UNUSED_VARIABLE = YES;
				IPHONEOS_DEPLOYMENT_TARGET = 8.1;
				MTL_ENABLE_DEBUG_INFO = NO;
				SDKROOT = iphoneos;
				VALIDATE_PRODUCT = YES;
			};
			name = Release;
		};
		D8CD9A5C1A92862000865608 /* Debug */ = {
			isa = XCBuildConfiguration;
			buildSettings = {
				ASSETCATALOG_COMPILER_APPICON_NAME = AppIcon;
				INFOPLIST_FILE = TryCheckers/Info.plist;
				LD_RUNPATH_SEARCH_PATHS = "$(inherited) @executable_path/Frameworks";
				PRODUCT_NAME = "$(TARGET_NAME)";
			};
			name = Debug;
		};
		D8CD9A5D1A92862000865608 /* Release */ = {
			isa = XCBuildConfiguration;
			buildSettings = {
				ASSETCATALOG_COMPILER_APPICON_NAME = AppIcon;
				INFOPLIST_FILE = TryCheckers/Info.plist;
				LD_RUNPATH_SEARCH_PATHS = "$(inherited) @executable_path/Frameworks";
				PRODUCT_NAME = "$(TARGET_NAME)";
			};
			name = Release;
		};
		D8CD9A5F1A92862000865608 /* Debug */ = {
			isa = XCBuildConfiguration;
			buildSettings = {
				BUNDLE_LOADER = "$(TEST_HOST)";
				FRAMEWORK_SEARCH_PATHS = (
					"$(SDKROOT)/Developer/Library/Frameworks",
					"$(inherited)",
				);
				GCC_PREPROCESSOR_DEFINITIONS = (
					"DEBUG=1",
					"$(inherited)",
				);
				INFOPLIST_FILE = TryCheckersTests/Info.plist;
				LD_RUNPATH_SEARCH_PATHS = "$(inherited) @executable_path/Frameworks @loader_path/Frameworks";
				PRODUCT_NAME = "$(TARGET_NAME)";
				TEST_HOST = "$(BUILT_PRODUCTS_DIR)/TryCheckers.app/TryCheckers";
			};
			name = Debug;
		};
		D8CD9A601A92862000865608 /* Release */ = {
			isa = XCBuildConfiguration;
			buildSettings = {
				BUNDLE_LOADER = "$(TEST_HOST)";
				FRAMEWORK_SEARCH_PATHS = (
					"$(SDKROOT)/Developer/Library/Frameworks",
					"$(inherited)",
				);
				INFOPLIST_FILE = TryCheckersTests/Info.plist;
				LD_RUNPATH_SEARCH_PATHS = "$(inherited) @executable_path/Frameworks @loader_path/Frameworks";
				PRODUCT_NAME = "$(TARGET_NAME)";
				TEST_HOST = "$(BUILT_PRODUCTS_DIR)/TryCheckers.app/TryCheckers";
			};
			name = Release;
		};
/* End XCBuildConfiguration section */

/* Begin XCConfigurationList section */
		D8CD9A371A92862000865608 /* Build configuration list for PBXProject "TryCheckers" */ = {
			isa = XCConfigurationList;
			buildConfigurations = (
				D8CD9A591A92862000865608 /* Debug */,
				D8CD9A5A1A92862000865608 /* Release */,
			);
			defaultConfigurationIsVisible = 0;
			defaultConfigurationName = Release;
		};
		D8CD9A5B1A92862000865608 /* Build configuration list for PBXNativeTarget "TryCheckers" */ = {
			isa = XCConfigurationList;
			buildConfigurations = (
				D8CD9A5C1A92862000865608 /* Debug */,
				D8CD9A5D1A92862000865608 /* Release */,
			);
			defaultConfigurationIsVisible = 0;
		};
		D8CD9A5E1A92862000865608 /* Build configuration list for PBXNativeTarget "TryCheckersTests" */ = {
			isa = XCConfigurationList;
			buildConfigurations = (
				D8CD9A5F1A92862000865608 /* Debug */,
				D8CD9A601A92862000865608 /* Release */,
			);
			defaultConfigurationIsVisible = 0;
		};
/* End XCConfigurationList section */
	};
	rootObject = D8CD9A341A92862000865608 /* Project object */;
}
